// !$*UTF8*$!
{
	archiveVersion = 1;
	classes = {
	};
	objectVersion = 46;
	objects = {

/* Begin PBXBuildFile section */
		4CD6C99E1A627CB000C8AFB5 /* AppDelegate.swift in Sources */ = {isa = PBXBuildFile; fileRef = 4CD6C99D1A627CB000C8AFB5 /* AppDelegate.swift */; };
		4CD6C9A01A627CB000C8AFB5 /* ViewController.swift in Sources */ = {isa = PBXBuildFile; fileRef = 4CD6C99F1A627CB000C8AFB5 /* ViewController.swift */; };
		4CD6C9A31A627CB000C8AFB5 /* Main.storyboard in Resources */ = {isa = PBXBuildFile; fileRef = 4CD6C9A11A627CB000C8AFB5 /* Main.storyboard */; };
		4CD6C9A51A627CB000C8AFB5 /* Images.xcassets in Resources */ = {isa = PBXBuildFile; fileRef = 4CD6C9A41A627CB000C8AFB5 /* Images.xcassets */; };
		4CD6C9A81A627CB000C8AFB5 /* LaunchScreen.xib in Resources */ = {isa = PBXBuildFile; fileRef = 4CD6C9A61A627CB000C8AFB5 /* LaunchScreen.xib */; };
		4CD6C9B41A627CB000C8AFB5 /* ButtonHitAreaTestTests.swift in Sources */ = {isa = PBXBuildFile; fileRef = 4CD6C9B31A627CB000C8AFB5 /* ButtonHitAreaTestTests.swift */; };
/* End PBXBuildFile section */

/* Begin PBXContainerItemProxy section */
		4CD6C9AE1A627CB000C8AFB5 /* PBXContainerItemProxy */ = {
			isa = PBXContainerItemProxy;
			containerPortal = 4CD6C9901A627CB000C8AFB5 /* Project object */;
			proxyType = 1;
			remoteGlobalIDString = 4CD6C9971A627CB000C8AFB5;
			remoteInfo = ButtonHitAreaTest;
		};
/* End PBXContainerItemProxy section */

/* Begin PBXFileReference section */
		4CD6C9981A627CB000C8AFB5 /* ButtonHitAreaTest.app */ = {isa = PBXFileReference; explicitFileType = wrapper.application; includeInIndex = 0; path = ButtonHitAreaTest.app; sourceTree = BUILT_PRODUCTS_DIR; };
		4CD6C99C1A627CB000C8AFB5 /* Info.plist */ = {isa = PBXFileReference; lastKnownFileType = text.plist.xml; path = Info.plist; sourceTree = "<group>"; };
		4CD6C99D1A627CB000C8AFB5 /* AppDelegate.swift */ = {isa = PBXFileReference; lastKnownFileType = sourcecode.swift; path = AppDelegate.swift; sourceTree = "<group>"; };
		4CD6C99F1A627CB000C8AFB5 /* ViewController.swift */ = {isa = PBXFileReference; lastKnownFileType = sourcecode.swift; path = ViewController.swift; sourceTree = "<group>"; };
		4CD6C9A21A627CB000C8AFB5 /* Base */ = {isa = PBXFileReference; lastKnownFileType = file.storyboard; name = Base; path = Base.lproj/Main.storyboard; sourceTree = "<group>"; };
		4CD6C9A41A627CB000C8AFB5 /* Images.xcassets */ = {isa = PBXFileReference; lastKnownFileType = folder.assetcatalog; path = Images.xcassets; sourceTree = "<group>"; };
		4CD6C9A71A627CB000C8AFB5 /* Base */ = {isa = PBXFileReference; lastKnownFileType = file.xib; name = Base; path = Base.lproj/LaunchScreen.xib; sourceTree = "<group>"; };
		4CD6C9AD1A627CB000C8AFB5 /* ButtonHitAreaTestTests.xctest */ = {isa = PBXFileReference; explicitFileType = wrapper.cfbundle; includeInIndex = 0; path = ButtonHitAreaTestTests.xctest; sourceTree = BUILT_PRODUCTS_DIR; };
		4CD6C9B21A627CB000C8AFB5 /* Info.plist */ = {isa = PBXFileReference; lastKnownFileType = text.plist.xml; path = Info.plist; sourceTree = "<group>"; };
		4CD6C9B31A627CB000C8AFB5 /* ButtonHitAreaTestTests.swift */ = {isa = PBXFileReference; lastKnownFileType = sourcecode.swift; path = ButtonHitAreaTestTests.swift; sourceTree = "<group>"; };
/* End PBXFileReference section */

/* Begin PBXFrameworksBuildPhase section */
		4CD6C9951A627CB000C8AFB5 /* Frameworks */ = {
			isa = PBXFrameworksBuildPhase;
			buildActionMask = 2147483647;
			files = (
			);
			runOnlyForDeploymentPostprocessing = 0;
		};
		4CD6C9AA1A627CB000C8AFB5 /* Frameworks */ = {
			isa = PBXFrameworksBuildPhase;
			buildActionMask = 2147483647;
			files = (
			);
			runOnlyForDeploymentPostprocessing = 0;
		};
/* End PBXFrameworksBuildPhase section */

/* Begin PBXGroup section */
		4CD6C98F1A627CB000C8AFB5 = {
			isa = PBXGroup;
			children = (
				4CD6C99A1A627CB000C8AFB5 /* ButtonHitAreaTest */,
				4CD6C9B01A627CB000C8AFB5 /* ButtonHitAreaTestTests */,
				4CD6C9991A627CB000C8AFB5 /* Products */,
			);
			sourceTree = "<group>";
		};
		4CD6C9991A627CB000C8AFB5 /* Products */ = {
			isa = PBXGroup;
			children = (
				4CD6C9981A627CB000C8AFB5 /* ButtonHitAreaTest.app */,
				4CD6C9AD1A627CB000C8AFB5 /* ButtonHitAreaTestTests.xctest */,
			);
			name = Products;
			sourceTree = "<group>";
		};
		4CD6C99A1A627CB000C8AFB5 /* ButtonHitAreaTest */ = {
			isa = PBXGroup;
			children = (
				4CD6C99D1A627CB000C8AFB5 /* AppDelegate.swift */,
				4CD6C99F1A627CB000C8AFB5 /* ViewController.swift */,
				4CD6C9A11A627CB000C8AFB5 /* Main.storyboard */,
				4CD6C9A41A627CB000C8AFB5 /* Images.xcassets */,
				4CD6C9A61A627CB000C8AFB5 /* LaunchScreen.xib */,
				4CD6C99B1A627CB000C8AFB5 /* Supporting Files */,
			);
			path = ButtonHitAreaTest;
			sourceTree = "<group>";
		};
		4CD6C99B1A627CB000C8AFB5 /* Supporting Files */ = {
			isa = PBXGroup;
			children = (
				4CD6C99C1A627CB000C8AFB5 /* Info.plist */,
			);
			name = "Supporting Files";
			sourceTree = "<group>";
		};
		4CD6C9B01A627CB000C8AFB5 /* ButtonHitAreaTestTests */ = {
			isa = PBXGroup;
			children = (
				4CD6C9B31A627CB000C8AFB5 /* ButtonHitAreaTestTests.swift */,
				4CD6C9B11A627CB000C8AFB5 /* Supporting Files */,
			);
			path = ButtonHitAreaTestTests;
			sourceTree = "<group>";
		};
		4CD6C9B11A627CB000C8AFB5 /* Supporting Files */ = {
			isa = PBXGroup;
			children = (
				4CD6C9B21A627CB000C8AFB5 /* Info.plist */,
			);
			name = "Supporting Files";
			sourceTree = "<group>";
		};
/* End PBXGroup section */

/* Begin PBXNativeTarget section */
		4CD6C9971A627CB000C8AFB5 /* ButtonHitAreaTest */ = {
			isa = PBXNativeTarget;
			buildConfigurationList = 4CD6C9B71A627CB000C8AFB5 /* Build configuration list for PBXNativeTarget "ButtonHitAreaTest" */;
			buildPhases = (
				4CD6C9941A627CB000C8AFB5 /* Sources */,
				4CD6C9951A627CB000C8AFB5 /* Frameworks */,
				4CD6C9961A627CB000C8AFB5 /* Resources */,
			);
			buildRules = (
			);
			dependencies = (
			);
			name = ButtonHitAreaTest;
			productName = ButtonHitAreaTest;
			productReference = 4CD6C9981A627CB000C8AFB5 /* ButtonHitAreaTest.app */;
			productType = "com.apple.product-type.application";
		};
		4CD6C9AC1A627CB000C8AFB5 /* ButtonHitAreaTestTests */ = {
			isa = PBXNativeTarget;
			buildConfigurationList = 4CD6C9BA1A627CB000C8AFB5 /* Build configuration list for PBXNativeTarget "ButtonHitAreaTestTests" */;
			buildPhases = (
				4CD6C9A91A627CB000C8AFB5 /* Sources */,
				4CD6C9AA1A627CB000C8AFB5 /* Frameworks */,
				4CD6C9AB1A627CB000C8AFB5 /* Resources */,
			);
			buildRules = (
			);
			dependencies = (
				4CD6C9AF1A627CB000C8AFB5 /* PBXTargetDependency */,
			);
			name = ButtonHitAreaTestTests;
			productName = ButtonHitAreaTestTests;
			productReference = 4CD6C9AD1A627CB000C8AFB5 /* ButtonHitAreaTestTests.xctest */;
			productType = "com.apple.product-type.bundle.unit-test";
		};
/* End PBXNativeTarget section */

/* Begin PBXProject section */
		4CD6C9901A627CB000C8AFB5 /* Project object */ = {
			isa = PBXProject;
			attributes = {
				LastUpgradeCheck = 0610;
				ORGANIZATIONNAME = "Michael Teeuw";
				TargetAttributes = {
					4CD6C9971A627CB000C8AFB5 = {
						CreatedOnToolsVersion = 6.1.1;
					};
					4CD6C9AC1A627CB000C8AFB5 = {
						CreatedOnToolsVersion = 6.1.1;
						TestTargetID = 4CD6C9971A627CB000C8AFB5;
					};
				};
			};
			buildConfigurationList = 4CD6C9931A627CB000C8AFB5 /* Build configuration list for PBXProject "ButtonHitAreaTest" */;
			compatibilityVersion = "Xcode 3.2";
			developmentRegion = English;
			hasScannedForEncodings = 0;
			knownRegions = (
				en,
				Base,
			);
			mainGroup = 4CD6C98F1A627CB000C8AFB5;
			productRefGroup = 4CD6C9991A627CB000C8AFB5 /* Products */;
			projectDirPath = "";
			projectRoot = "";
			targets = (
				4CD6C9971A627CB000C8AFB5 /* ButtonHitAreaTest */,
				4CD6C9AC1A627CB000C8AFB5 /* ButtonHitAreaTestTests */,
			);
		};
/* End PBXProject section */

/* Begin PBXResourcesBuildPhase section */
		4CD6C9961A627CB000C8AFB5 /* Resources */ = {
			isa = PBXResourcesBuildPhase;
			buildActionMask = 2147483647;
			files = (
				4CD6C9A31A627CB000C8AFB5 /* Main.storyboard in Resources */,
				4CD6C9A81A627CB000C8AFB5 /* LaunchScreen.xib in Resources */,
				4CD6C9A51A627CB000C8AFB5 /* Images.xcassets in Resources */,
			);
			runOnlyForDeploymentPostprocessing = 0;
		};
		4CD6C9AB1A627CB000C8AFB5 /* Resources */ = {
			isa = PBXResourcesBuildPhase;
			buildActionMask = 2147483647;
			files = (
			);
			runOnlyForDeploymentPostprocessing = 0;
		};
/* End PBXResourcesBuildPhase section */

/* Begin PBXSourcesBuildPhase section */
		4CD6C9941A627CB000C8AFB5 /* Sources */ = {
			isa = PBXSourcesBuildPhase;
			buildActionMask = 2147483647;
			files = (
				4CD6C9A01A627CB000C8AFB5 /* ViewController.swift in Sources */,
				4CD6C99E1A627CB000C8AFB5 /* AppDelegate.swift in Sources */,
			);
			runOnlyForDeploymentPostprocessing = 0;
		};
		4CD6C9A91A627CB000C8AFB5 /* Sources */ = {
			isa = PBXSourcesBuildPhase;
			buildActionMask = 2147483647;
			files = (
				4CD6C9B41A627CB000C8AFB5 /* ButtonHitAreaTestTests.swift in Sources */,
			);
			runOnlyForDeploymentPostprocessing = 0;
		};
/* End PBXSourcesBuildPhase section */

/* Begin PBXTargetDependency section */
		4CD6C9AF1A627CB000C8AFB5 /* PBXTargetDependency */ = {
			isa = PBXTargetDependency;
			target = 4CD6C9971A627CB000C8AFB5 /* ButtonHitAreaTest */;
			targetProxy = 4CD6C9AE1A627CB000C8AFB5 /* PBXContainerItemProxy */;
		};
/* End PBXTargetDependency section */

/* Begin PBXVariantGroup section */
		4CD6C9A11A627CB000C8AFB5 /* Main.storyboard */ = {
			isa = PBXVariantGroup;
			children = (
				4CD6C9A21A627CB000C8AFB5 /* Base */,
			);
			name = Main.storyboard;
			sourceTree = "<group>";
		};
		4CD6C9A61A627CB000C8AFB5 /* LaunchScreen.xib */ = {
			isa = PBXVariantGroup;
			children = (
				4CD6C9A71A627CB000C8AFB5 /* Base */,
			);
			name = LaunchScreen.xib;
			sourceTree = "<group>";
		};
/* End PBXVariantGroup section */

/* Begin XCBuildConfiguration section */
		4CD6C9B51A627CB000C8AFB5 /* Debug */ = {
			isa = XCBuildConfiguration;
			buildSettings = {
				ALWAYS_SEARCH_USER_PATHS = NO;
				CLANG_CXX_LANGUAGE_STANDARD = "gnu++0x";
				CLANG_CXX_LIBRARY = "libc++";
				CLANG_ENABLE_MODULES = YES;
				CLANG_ENABLE_OBJC_ARC = YES;
				CLANG_WARN_BOOL_CONVERSION = YES;
				CLANG_WARN_CONSTANT_CONVERSION = YES;
				CLANG_WARN_DIRECT_OBJC_ISA_USAGE = YES_ERROR;
				CLANG_WARN_EMPTY_BODY = YES;
				CLANG_WARN_ENUM_CONVERSION = YES;
				CLANG_WARN_INT_CONVERSION = YES;
				CLANG_WARN_OBJC_ROOT_CLASS = YES_ERROR;
				CLANG_WARN_UNREACHABLE_CODE = YES;
				CLANG_WARN__DUPLICATE_METHOD_MATCH = YES;
				"CODE_SIGN_IDENTITY[sdk=iphoneos*]" = "iPhone Developer";
				COPY_PHASE_STRIP = NO;
				ENABLE_STRICT_OBJC_MSGSEND = YES;
				GCC_C_LANGUAGE_STANDARD = gnu99;
				GCC_DYNAMIC_NO_PIC = NO;
				GCC_OPTIMIZATION_LEVEL = 0;
				GCC_PREPROCESSOR_DEFINITIONS = (
					"DEBUG=1",
					"$(inherited)",
				);
				GCC_SYMBOLS_PRIVATE_EXTERN = NO;
				GCC_WARN_64_TO_32_BIT_CONVERSION = YES;
				GCC_WARN_ABOUT_RETURN_TYPE = YES_ERROR;
				GCC_WARN_UNDECLARED_SELECTOR = YES;
				GCC_WARN_UNINITIALIZED_AUTOS = YES_AGGRESSIVE;
				GCC_WARN_UNUSED_FUNCTION = YES;
				GCC_WARN_UNUSED_VARIABLE = YES;
				IPHONEOS_DEPLOYMENT_TARGET = 8.1;
				MTL_ENABLE_DEBUG_INFO = YES;
				ONLY_ACTIVE_ARCH = YES;
				SDKROOT = iphoneos;
				SWIFT_OPTIMIZATION_LEVEL = "-Onone";
				TARGETED_DEVICE_FAMILY = "1,2";
			};
			name = Debug;
		};
		4CD6C9B61A627CB000C8AFB5 /* Release */ = {
			isa = XCBuildConfiguration;
			buildSettings = {
				ALWAYS_SEARCH_USER_PATHS = NO;
				CLANG_CXX_LANGUAGE_STANDARD = "gnu++0x";
				CLANG_CXX_LIBRARY = "libc++";
				CLANG_ENABLE_MODULES = YES;
				CLANG_ENABLE_OBJC_ARC = YES;
				CLANG_WARN_BOOL_CONVERSION = YES;
				CLANG_WARN_CONSTANT_CONVERSION = YES;
				CLANG_WARN_DIRECT_OBJC_ISA_USAGE = YES_ERROR;
				CLANG_WARN_EMPTY_BODY = YES;
				CLANG_WARN_ENUM_CONVERSION = YES;
				CLANG_WARN_INT_CONVERSION = YES;
				CLANG_WARN_OBJC_ROOT_CLASS = YES_ERROR;
				CLANG_WARN_UNREACHABLE_CODE = YES;
				CLANG_WARN__DUPLICATE_METHOD_MATCH = YES;
				"CODE_SIGN_IDENTITY[sdk=iphoneos*]" = "iPhone Developer";
				COPY_PHASE_STRIP = YES;
				ENABLE_NS_ASSERTIONS = NO;
				ENABLE_STRICT_OBJC_MSGSEND = YES;
				GCC_C_LANGUAGE_STANDARD = gnu99;
				GCC_WARN_64_TO_32_BIT_CONVERSION = YES;
				GCC_WARN_ABOUT_RETURN_TYPE = YES_ERROR;
				GCC_WARN_UNDECLARED_SELECTOR = YES;
				GCC_WARN_UNINITIALIZED_AUTOS = YES_AGGRESSIVE;
				GCC_WARN_UNUSED_FUNCTION = YES;
				GCC_WARN_UNUSED_VARIABLE = YES;
				IPHONEOS_DEPLOYMENT_TARGET = 8.1;
				MTL_ENABLE_DEBUG_INFO = NO;
				SDKROOT = iphoneos;
				TARGETED_DEVICE_FAMILY = "1,2";
				VALIDATE_PRODUCT = YES;
			};
			name = Release;
		};
		4CD6C9B81A627CB000C8AFB5 /* Debug */ = {
			isa = XCBuildConfiguration;
			buildSettings = {
				ASSETCATALOG_COMPILER_APPICON_NAME = AppIcon;
				INFOPLIST_FILE = ButtonHitAreaTest/Info.plist;
				LD_RUNPATH_SEARCH_PATHS = "$(inherited) @executable_path/Frameworks";
				PRODUCT_NAME = "$(TARGET_NAME)";
			};
			name = Debug;
		};
		4CD6C9B91A627CB000C8AFB5 /* Release */ = {
			isa = XCBuildConfiguration;
			buildSettings = {
				ASSETCATALOG_COMPILER_APPICON_NAME = AppIcon;
				INFOPLIST_FILE = ButtonHitAreaTest/Info.plist;
				LD_RUNPATH_SEARCH_PATHS = "$(inherited) @executable_path/Frameworks";
				PRODUCT_NAME = "$(TARGET_NAME)";
			};
			name = Release;
		};
		4CD6C9BB1A627CB000C8AFB5 /* Debug */ = {
			isa = XCBuildConfiguration;
			buildSettings = {
				BUNDLE_LOADER = "$(TEST_HOST)";
				FRAMEWORK_SEARCH_PATHS = (
					"$(SDKROOT)/Developer/Library/Frameworks",
					"$(inherited)",
				);
				GCC_PREPROCESSOR_DEFINITIONS = (
					"DEBUG=1",
					"$(inherited)",
				);
				INFOPLIST_FILE = ButtonHitAreaTestTests/Info.plist;
				LD_RUNPATH_SEARCH_PATHS = "$(inherited) @executable_path/Frameworks @loader_path/Frameworks";
				PRODUCT_NAME = "$(TARGET_NAME)";
				TEST_HOST = "$(BUILT_PRODUCTS_DIR)/ButtonHitAreaTest.app/ButtonHitAreaTest";
			};
			name = Debug;
		};
		4CD6C9BC1A627CB000C8AFB5 /* Release */ = {
			isa = XCBuildConfiguration;
			buildSettings = {
				BUNDLE_LOADER = "$(TEST_HOST)";
				FRAMEWORK_SEARCH_PATHS = (
					"$(SDKROOT)/Developer/Library/Frameworks",
					"$(inherited)",
				);
				INFOPLIST_FILE = ButtonHitAreaTestTests/Info.plist;
				LD_RUNPATH_SEARCH_PATHS = "$(inherited) @executable_path/Frameworks @loader_path/Frameworks";
				PRODUCT_NAME = "$(TARGET_NAME)";
				TEST_HOST = "$(BUILT_PRODUCTS_DIR)/ButtonHitAreaTest.app/ButtonHitAreaTest";
			};
			name = Release;
		};
/* End XCBuildConfiguration section */

/* Begin XCConfigurationList section */
		4CD6C9931A627CB000C8AFB5 /* Build configuration list for PBXProject "ButtonHitAreaTest" */ = {
			isa = XCConfigurationList;
			buildConfigurations = (
				4CD6C9B51A627CB000C8AFB5 /* Debug */,
				4CD6C9B61A627CB000C8AFB5 /* Release */,
			);
			defaultConfigurationIsVisible = 0;
			defaultConfigurationName = Release;
		};
		4CD6C9B71A627CB000C8AFB5 /* Build configuration list for PBXNativeTarget "ButtonHitAreaTest" */ = {
			isa = XCConfigurationList;
			buildConfigurations = (
				4CD6C9B81A627CB000C8AFB5 /* Debug */,
				4CD6C9B91A627CB000C8AFB5 /* Release */,
			);
			defaultConfigurationIsVisible = 0;
		};
		4CD6C9BA1A627CB000C8AFB5 /* Build configuration list for PBXNativeTarget "ButtonHitAreaTestTests" */ = {
			isa = XCConfigurationList;
			buildConfigurations = (
				4CD6C9BB1A627CB000C8AFB5 /* Debug */,
				4CD6C9BC1A627CB000C8AFB5 /* Release */,
			);
			defaultConfigurationIsVisible = 0;
		};
/* End XCConfigurationList section */
	};
	rootObject = 4CD6C9901A627CB000C8AFB5 /* Project object */;
}
